# generated by rye
# use `rye lock` or `rye sync` to update this lockfile
#
# last locked with the following flags:
#   pre: false
#   features: []
#   all-features: false
#   with-sources: false
#   generate-hashes: false
#   universal: true

-e file:.
astroid==3.2.4
    # via pylint
cmake==3.30.3
    # via gzdoom-rt
colorama==0.4.6 ; sys_platform == 'win32'
    # via pylint
dill==0.3.8
    # via pylint
isort==5.13.2
    # via pylint
jinja2==3.1.4
    # via gzdoom-rt
markupsafe==2.1.5
    # via jinja2
mccabe==0.7.0
    # via pylint
meson==1.5.1
    # via gzdoom-rt
mypy==1.11.2
mypy-extensions==1.0.0
    # via mypy
nodeenv==1.9.1
    # via pyright
platformdirs==4.3.3
    # via pylint
pylint==3.2.7
pyright==1.1.380
ruff==0.6.5
tomlkit==0.13.2
    # via pylint
typing-extensions==4.12.2
    # via mypy
