# generated by rye
# use `rye lock` or `rye sync` to update this lockfile
#
# last locked with the following flags:
#   pre: false
#   features: []
#   all-features: false
#   with-sources: false
#   generate-hashes: false
#   universal: true

-e file:.
cmake==3.30.3
    # via gzdoom-rt
jinja2==3.1.4
    # via gzdoom-rt
markupsafe==2.1.5
    # via jinja2
meson==1.5.1
    # via gzdoom-rt
